// !$*UTF8*$!
{
	archiveVersion = 1;
	classes = {
	};
	objectVersion = 56;
	objects = {

/* Begin PBXBuildFile section */
		9B3DDC84293A28DC00E0A112 /* recipe_saver_appApp.swift in Sources */ = {isa = PBXBuildFile; fileRef = 9B3DDC83293A28DC00E0A112 /* recipe_saver_appApp.swift */; };
		9B3DDC86293A28DC00E0A112 /* ContentView.swift in Sources */ = {isa = PBXBuildFile; fileRef = 9B3DDC85293A28DC00E0A112 /* ContentView.swift */; };
		9B3DDC88293A28DE00E0A112 /* Assets.xcassets in Resources */ = {isa = PBXBuildFile; fileRef = 9B3DDC87293A28DE00E0A112 /* Assets.xcassets */; };
		9B3DDC8B293A28DE00E0A112 /* Preview Assets.xcassets in Resources */ = {isa = PBXBuildFile; fileRef = 9B3DDC8A293A28DE00E0A112 /* Preview Assets.xcassets */; };
		9B60DFBB293A2D3E0063DDDA /* HomeView.swift in Sources */ = {isa = PBXBuildFile; fileRef = 9B60DFBA293A2D3E0063DDDA /* HomeView.swift */; };
		9B60DFBD293A2D4A0063DDDA /* CategoriesView.swift in Sources */ = {isa = PBXBuildFile; fileRef = 9B60DFBC293A2D4A0063DDDA /* CategoriesView.swift */; };
		9B60DFBF293A2D630063DDDA /* NewRecipeView.swift in Sources */ = {isa = PBXBuildFile; fileRef = 9B60DFBE293A2D630063DDDA /* NewRecipeView.swift */; };
		9B60DFC1293A2D720063DDDA /* FavoritesView.swift in Sources */ = {isa = PBXBuildFile; fileRef = 9B60DFC0293A2D720063DDDA /* FavoritesView.swift */; };
		9B60DFC3293A2D810063DDDA /* SettingsView.swift in Sources */ = {isa = PBXBuildFile; fileRef = 9B60DFC2293A2D810063DDDA /* SettingsView.swift */; };
		9B60DFC5293A31FA0063DDDA /* TabBar.swift in Sources */ = {isa = PBXBuildFile; fileRef = 9B60DFC4293A31FA0063DDDA /* TabBar.swift */; };
		9B60DFC7293A37ED0063DDDA /* RecipeModel.swift in Sources */ = {isa = PBXBuildFile; fileRef = 9B60DFC6293A37ED0063DDDA /* RecipeModel.swift */; };
		9B60DFC9293A6A370063DDDA /* RecipeCard.swift in Sources */ = {isa = PBXBuildFile; fileRef = 9B60DFC8293A6A370063DDDA /* RecipeCard.swift */; };
		9B60DFCB293C35680063DDDA /* RecipeList.swift in Sources */ = {isa = PBXBuildFile; fileRef = 9B60DFCA293C35680063DDDA /* RecipeList.swift */; };
		9B60DFCD293C37E80063DDDA /* RecipeView.swift in Sources */ = {isa = PBXBuildFile; fileRef = 9B60DFCC293C37E80063DDDA /* RecipeView.swift */; };
		9B60DFCF293C3E9C0063DDDA /* CategoryView.swift in Sources */ = {isa = PBXBuildFile; fileRef = 9B60DFCE293C3E9C0063DDDA /* CategoryView.swift */; };
/* End PBXBuildFile section */

/* Begin PBXFileReference section */
		9B3DDC80293A28DC00E0A112 /* recipe-saver-app.app */ = {isa = PBXFileReference; explicitFileType = wrapper.application; includeInIndex = 0; path = "recipe-saver-app.app"; sourceTree = BUILT_PRODUCTS_DIR; };
		9B3DDC83293A28DC00E0A112 /* recipe_saver_appApp.swift */ = {isa = PBXFileReference; lastKnownFileType = sourcecode.swift; path = recipe_saver_appApp.swift; sourceTree = "<group>"; };
		9B3DDC85293A28DC00E0A112 /* ContentView.swift */ = {isa = PBXFileReference; lastKnownFileType = sourcecode.swift; path = ContentView.swift; sourceTree = "<group>"; };
		9B3DDC87293A28DE00E0A112 /* Assets.xcassets */ = {isa = PBXFileReference; lastKnownFileType = folder.assetcatalog; path = Assets.xcassets; sourceTree = "<group>"; };
		9B3DDC8A293A28DE00E0A112 /* Preview Assets.xcassets */ = {isa = PBXFileReference; lastKnownFileType = folder.assetcatalog; path = "Preview Assets.xcassets"; sourceTree = "<group>"; };
		9B60DFBA293A2D3E0063DDDA /* HomeView.swift */ = {isa = PBXFileReference; lastKnownFileType = sourcecode.swift; path = HomeView.swift; sourceTree = "<group>"; };
		9B60DFBC293A2D4A0063DDDA /* CategoriesView.swift */ = {isa = PBXFileReference; lastKnownFileType = sourcecode.swift; path = CategoriesView.swift; sourceTree = "<group>"; };
		9B60DFBE293A2D630063DDDA /* NewRecipeView.swift */ = {isa = PBXFileReference; lastKnownFileType = sourcecode.swift; path = NewRecipeView.swift; sourceTree = "<group>"; };
		9B60DFC0293A2D720063DDDA /* FavoritesView.swift */ = {isa = PBXFileReference; lastKnownFileType = sourcecode.swift; path = FavoritesView.swift; sourceTree = "<group>"; };
		9B60DFC2293A2D810063DDDA /* SettingsView.swift */ = {isa = PBXFileReference; lastKnownFileType = sourcecode.swift; path = SettingsView.swift; sourceTree = "<group>"; };
		9B60DFC4293A31FA0063DDDA /* TabBar.swift */ = {isa = PBXFileReference; lastKnownFileType = sourcecode.swift; path = TabBar.swift; sourceTree = "<group>"; };
		9B60DFC6293A37ED0063DDDA /* RecipeModel.swift */ = {isa = PBXFileReference; lastKnownFileType = sourcecode.swift; path = RecipeModel.swift; sourceTree = "<group>"; };
		9B60DFC8293A6A370063DDDA /* RecipeCard.swift */ = {isa = PBXFileReference; lastKnownFileType = sourcecode.swift; path = RecipeCard.swift; sourceTree = "<group>"; };
		9B60DFCA293C35680063DDDA /* RecipeList.swift */ = {isa = PBXFileReference; lastKnownFileType = sourcecode.swift; path = RecipeList.swift; sourceTree = "<group>"; };
		9B60DFCC293C37E80063DDDA /* RecipeView.swift */ = {isa = PBXFileReference; lastKnownFileType = sourcecode.swift; path = RecipeView.swift; sourceTree = "<group>"; };
		9B60DFCE293C3E9C0063DDDA /* CategoryView.swift */ = {isa = PBXFileReference; lastKnownFileType = sourcecode.swift; path = CategoryView.swift; sourceTree = "<group>"; };
/* End PBXFileReference section */

/* Begin PBXFrameworksBuildPhase section */
		9B3DDC7D293A28DC00E0A112 /* Frameworks */ = {
			isa = PBXFrameworksBuildPhase;
			buildActionMask = 2147483647;
			files = (
			);
			runOnlyForDeploymentPostprocessing = 0;
		};
/* End PBXFrameworksBuildPhase section */

/* Begin PBXGroup section */
		9B3DDC77293A28DC00E0A112 = {
			isa = PBXGroup;
			children = (
				9B3DDC82293A28DC00E0A112 /* recipe-saver-app */,
				9B3DDC81293A28DC00E0A112 /* Products */,
			);
			sourceTree = "<group>";
		};
		9B3DDC81293A28DC00E0A112 /* Products */ = {
			isa = PBXGroup;
			children = (
				9B3DDC80293A28DC00E0A112 /* recipe-saver-app.app */,
			);
			name = Products;
			sourceTree = "<group>";
		};
		9B3DDC82293A28DC00E0A112 /* recipe-saver-app */ = {
			isa = PBXGroup;
			children = (
				9B60DFB6293A2C6C0063DDDA /* Models */,
				9B60DFB5293A2C210063DDDA /* ViewModel */,
				9B60DFB4293A2C0C0063DDDA /* Views */,
				9B3DDC83293A28DC00E0A112 /* recipe_saver_appApp.swift */,
				9B3DDC87293A28DE00E0A112 /* Assets.xcassets */,
				9B3DDC89293A28DE00E0A112 /* Preview Content */,
			);
			path = "recipe-saver-app";
			sourceTree = "<group>";
		};
		9B3DDC89293A28DE00E0A112 /* Preview Content */ = {
			isa = PBXGroup;
			children = (
				9B3DDC8A293A28DE00E0A112 /* Preview Assets.xcassets */,
			);
			path = "Preview Content";
			sourceTree = "<group>";
		};
		9B60DFB4293A2C0C0063DDDA /* Views */ = {
			isa = PBXGroup;
			children = (
				9B60DFB9293A2CB40063DDDA /* Components */,
				9B60DFB8293A2C9E0063DDDA /* Detail */,
				9B60DFB7293A2C8E0063DDDA /* Main */,
			);
			path = Views;
			sourceTree = "<group>";
		};
		9B60DFB5293A2C210063DDDA /* ViewModel */ = {
			isa = PBXGroup;
			children = (
			);
			path = ViewModel;
			sourceTree = "<group>";
		};
		9B60DFB6293A2C6C0063DDDA /* Models */ = {
			isa = PBXGroup;
			children = (
				9B60DFC6293A37ED0063DDDA /* RecipeModel.swift */,
			);
			path = Models;
			sourceTree = "<group>";
		};
		9B60DFB7293A2C8E0063DDDA /* Main */ = {
			isa = PBXGroup;
			children = (
				9B3DDC85293A28DC00E0A112 /* ContentView.swift */,
				9B60DFBA293A2D3E0063DDDA /* HomeView.swift */,
				9B60DFBC293A2D4A0063DDDA /* CategoriesView.swift */,
				9B60DFBE293A2D630063DDDA /* NewRecipeView.swift */,
				9B60DFC0293A2D720063DDDA /* FavoritesView.swift */,
				9B60DFC2293A2D810063DDDA /* SettingsView.swift */,
				9B60DFC4293A31FA0063DDDA /* TabBar.swift */,
			);
			path = Main;
			sourceTree = "<group>";
		};
		9B60DFB8293A2C9E0063DDDA /* Detail */ = {
			isa = PBXGroup;
			children = (
				9B60DFCC293C37E80063DDDA /* RecipeView.swift */,
				9B60DFCE293C3E9C0063DDDA /* CategoryView.swift */,
			);
			path = Detail;
			sourceTree = "<group>";
		};
		9B60DFB9293A2CB40063DDDA /* Components */ = {
			isa = PBXGroup;
			children = (
				9B60DFC8293A6A370063DDDA /* RecipeCard.swift */,
				9B60DFCA293C35680063DDDA /* RecipeList.swift */,
			);
			path = Components;
			sourceTree = "<group>";
		};
/* End PBXGroup section */

/* Begin PBXNativeTarget section */
		9B3DDC7F293A28DC00E0A112 /* recipe-saver-app */ = {
			isa = PBXNativeTarget;
			buildConfigurationList = 9B3DDC8E293A28DE00E0A112 /* Build configuration list for PBXNativeTarget "recipe-saver-app" */;
			buildPhases = (
				9B3DDC7C293A28DC00E0A112 /* Sources */,
				9B3DDC7D293A28DC00E0A112 /* Frameworks */,
				9B3DDC7E293A28DC00E0A112 /* Resources */,
			);
			buildRules = (
			);
			dependencies = (
			);
			name = "recipe-saver-app";
			productName = "recipe-saver-app";
			productReference = 9B3DDC80293A28DC00E0A112 /* recipe-saver-app.app */;
			productType = "com.apple.product-type.application";
		};
/* End PBXNativeTarget section */

/* Begin PBXProject section */
		9B3DDC78293A28DC00E0A112 /* Project object */ = {
			isa = PBXProject;
			attributes = {
				BuildIndependentTargetsInParallel = 1;
				LastSwiftUpdateCheck = 1410;
				LastUpgradeCheck = 1410;
				TargetAttributes = {
					9B3DDC7F293A28DC00E0A112 = {
						CreatedOnToolsVersion = 14.1;
					};
				};
			};
			buildConfigurationList = 9B3DDC7B293A28DC00E0A112 /* Build configuration list for PBXProject "recipe-saver-app" */;
			compatibilityVersion = "Xcode 14.0";
			developmentRegion = en;
			hasScannedForEncodings = 0;
			knownRegions = (
				en,
				Base,
			);
			mainGroup = 9B3DDC77293A28DC00E0A112;
			productRefGroup = 9B3DDC81293A28DC00E0A112 /* Products */;
			projectDirPath = "";
			projectRoot = "";
			targets = (
				9B3DDC7F293A28DC00E0A112 /* recipe-saver-app */,
			);
		};
/* End PBXProject section */

/* Begin PBXResourcesBuildPhase section */
		9B3DDC7E293A28DC00E0A112 /* Resources */ = {
			isa = PBXResourcesBuildPhase;
			buildActionMask = 2147483647;
			files = (
				9B3DDC8B293A28DE00E0A112 /* Preview Assets.xcassets in Resources */,
				9B3DDC88293A28DE00E0A112 /* Assets.xcassets in Resources */,
			);
			runOnlyForDeploymentPostprocessing = 0;
		};
/* End PBXResourcesBuildPhase section */

/* Begin PBXSourcesBuildPhase section */
		9B3DDC7C293A28DC00E0A112 /* Sources */ = {
			isa = PBXSourcesBuildPhase;
			buildActionMask = 2147483647;
			files = (
				9B60DFC3293A2D810063DDDA /* SettingsView.swift in Sources */,
				9B60DFC9293A6A370063DDDA /* RecipeCard.swift in Sources */,
				9B60DFBD293A2D4A0063DDDA /* CategoriesView.swift in Sources */,
				9B60DFBF293A2D630063DDDA /* NewRecipeView.swift in Sources */,
				9B60DFC5293A31FA0063DDDA /* TabBar.swift in Sources */,
				9B60DFCF293C3E9C0063DDDA /* CategoryView.swift in Sources */,
				9B60DFC1293A2D720063DDDA /* FavoritesView.swift in Sources */,
				9B60DFCD293C37E80063DDDA /* RecipeView.swift in Sources */,
				9B60DFCB293C35680063DDDA /* RecipeList.swift in Sources */,
				9B60DFBB293A2D3E0063DDDA /* HomeView.swift in Sources */,
				9B3DDC86293A28DC00E0A112 /* ContentView.swift in Sources */,
				9B3DDC84293A28DC00E0A112 /* recipe_saver_appApp.swift in Sources */,
				9B60DFC7293A37ED0063DDDA /* RecipeModel.swift in Sources */,
			);
			runOnlyForDeploymentPostprocessing = 0;
		};
/* End PBXSourcesBuildPhase section */

/* Begin XCBuildConfiguration section */
		9B3DDC8C293A28DE00E0A112 /* Debug */ = {
			isa = XCBuildConfiguration;
			buildSettings = {
				ALWAYS_SEARCH_USER_PATHS = NO;
				CLANG_ANALYZER_NONNULL = YES;
				CLANG_ANALYZER_NUMBER_OBJECT_CONVERSION = YES_AGGRESSIVE;
				CLANG_CXX_LANGUAGE_STANDARD = "gnu++20";
				CLANG_ENABLE_MODULES = YES;
				CLANG_ENABLE_OBJC_ARC = YES;
				CLANG_ENABLE_OBJC_WEAK = YES;
				CLANG_WARN_BLOCK_CAPTURE_AUTORELEASING = YES;
				CLANG_WARN_BOOL_CONVERSION = YES;
				CLANG_WARN_COMMA = YES;
				CLANG_WARN_CONSTANT_CONVERSION = YES;
				CLANG_WARN_DEPRECATED_OBJC_IMPLEMENTATIONS = YES;
				CLANG_WARN_DIRECT_OBJC_ISA_USAGE = YES_ERROR;
				CLANG_WARN_DOCUMENTATION_COMMENTS = YES;
				CLANG_WARN_EMPTY_BODY = YES;
				CLANG_WARN_ENUM_CONVERSION = YES;
				CLANG_WARN_INFINITE_RECURSION = YES;
				CLANG_WARN_INT_CONVERSION = YES;
				CLANG_WARN_NON_LITERAL_NULL_CONVERSION = YES;
				CLANG_WARN_OBJC_IMPLICIT_RETAIN_SELF = YES;
				CLANG_WARN_OBJC_LITERAL_CONVERSION = YES;
				CLANG_WARN_OBJC_ROOT_CLASS = YES_ERROR;
				CLANG_WARN_QUOTED_INCLUDE_IN_FRAMEWORK_HEADER = YES;
				CLANG_WARN_RANGE_LOOP_ANALYSIS = YES;
				CLANG_WARN_STRICT_PROTOTYPES = YES;
				CLANG_WARN_SUSPICIOUS_MOVE = YES;
				CLANG_WARN_UNGUARDED_AVAILABILITY = YES_AGGRESSIVE;
				CLANG_WARN_UNREACHABLE_CODE = YES;
				CLANG_WARN__DUPLICATE_METHOD_MATCH = YES;
				COPY_PHASE_STRIP = NO;
				DEBUG_INFORMATION_FORMAT = dwarf;
				ENABLE_STRICT_OBJC_MSGSEND = YES;
				ENABLE_TESTABILITY = YES;
				GCC_C_LANGUAGE_STANDARD = gnu11;
				GCC_DYNAMIC_NO_PIC = NO;
				GCC_NO_COMMON_BLOCKS = YES;
				GCC_OPTIMIZATION_LEVEL = 0;
				GCC_PREPROCESSOR_DEFINITIONS = (
					"DEBUG=1",
					"$(inherited)",
				);
				GCC_WARN_64_TO_32_BIT_CONVERSION = YES;
				GCC_WARN_ABOUT_RETURN_TYPE = YES_ERROR;
				GCC_WARN_UNDECLARED_SELECTOR = YES;
				GCC_WARN_UNINITIALIZED_AUTOS = YES_AGGRESSIVE;
				GCC_WARN_UNUSED_FUNCTION = YES;
				GCC_WARN_UNUSED_VARIABLE = YES;
				IPHONEOS_DEPLOYMENT_TARGET = 16.1;
				MTL_ENABLE_DEBUG_INFO = INCLUDE_SOURCE;
				MTL_FAST_MATH = YES;
				ONLY_ACTIVE_ARCH = YES;
				SDKROOT = iphoneos;
				SWIFT_ACTIVE_COMPILATION_CONDITIONS = DEBUG;
				SWIFT_OPTIMIZATION_LEVEL = "-Onone";
			};
			name = Debug;
		};
		9B3DDC8D293A28DE00E0A112 /* Release */ = {
			isa = XCBuildConfiguration;
			buildSettings = {
				ALWAYS_SEARCH_USER_PATHS = NO;
				CLANG_ANALYZER_NONNULL = YES;
				CLANG_ANALYZER_NUMBER_OBJECT_CONVERSION = YES_AGGRESSIVE;
				CLANG_CXX_LANGUAGE_STANDARD = "gnu++20";
				CLANG_ENABLE_MODULES = YES;
				CLANG_ENABLE_OBJC_ARC = YES;
				CLANG_ENABLE_OBJC_WEAK = YES;
				CLANG_WARN_BLOCK_CAPTURE_AUTORELEASING = YES;
				CLANG_WARN_BOOL_CONVERSION = YES;
				CLANG_WARN_COMMA = YES;
				CLANG_WARN_CONSTANT_CONVERSION = YES;
				CLANG_WARN_DEPRECATED_OBJC_IMPLEMENTATIONS = YES;
				CLANG_WARN_DIRECT_OBJC_ISA_USAGE = YES_ERROR;
				CLANG_WARN_DOCUMENTATION_COMMENTS = YES;
				CLANG_WARN_EMPTY_BODY = YES;
				CLANG_WARN_ENUM_CONVERSION = YES;
				CLANG_WARN_INFINITE_RECURSION = YES;
				CLANG_WARN_INT_CONVERSION = YES;
				CLANG_WARN_NON_LITERAL_NULL_CONVERSION = YES;
				CLANG_WARN_OBJC_IMPLICIT_RETAIN_SELF = YES;
				CLANG_WARN_OBJC_LITERAL_CONVERSION = YES;
				CLANG_WARN_OBJC_ROOT_CLASS = YES_ERROR;
				CLANG_WARN_QUOTED_INCLUDE_IN_FRAMEWORK_HEADER = YES;
				CLANG_WARN_RANGE_LOOP_ANALYSIS = YES;
				CLANG_WARN_STRICT_PROTOTYPES = YES;
				CLANG_WARN_SUSPICIOUS_MOVE = YES;
				CLANG_WARN_UNGUARDED_AVAILABILITY = YES_AGGRESSIVE;
				CLANG_WARN_UNREACHABLE_CODE = YES;
				CLANG_WARN__DUPLICATE_METHOD_MATCH = YES;
				COPY_PHASE_STRIP = NO;
				DEBUG_INFORMATION_FORMAT = "dwarf-with-dsym";
				ENABLE_NS_ASSERTIONS = NO;
				ENABLE_STRICT_OBJC_MSGSEND = YES;
				GCC_C_LANGUAGE_STANDARD = gnu11;
				GCC_NO_COMMON_BLOCKS = YES;
				GCC_WARN_64_TO_32_BIT_CONVERSION = YES;
				GCC_WARN_ABOUT_RETURN_TYPE = YES_ERROR;
				GCC_WARN_UNDECLARED_SELECTOR = YES;
				GCC_WARN_UNINITIALIZED_AUTOS = YES_AGGRESSIVE;
				GCC_WARN_UNUSED_FUNCTION = YES;
				GCC_WARN_UNUSED_VARIABLE = YES;
				IPHONEOS_DEPLOYMENT_TARGET = 16.1;
				MTL_ENABLE_DEBUG_INFO = NO;
				MTL_FAST_MATH = YES;
				SDKROOT = iphoneos;
				SWIFT_COMPILATION_MODE = wholemodule;
				SWIFT_OPTIMIZATION_LEVEL = "-O";
				VALIDATE_PRODUCT = YES;
			};
			name = Release;
		};
		9B3DDC8F293A28DE00E0A112 /* Debug */ = {
			isa = XCBuildConfiguration;
			buildSettings = {
				ASSETCATALOG_COMPILER_APPICON_NAME = AppIcon;
				ASSETCATALOG_COMPILER_GLOBAL_ACCENT_COLOR_NAME = AccentColor;
				CODE_SIGN_STYLE = Automatic;
				CURRENT_PROJECT_VERSION = 1;
				DEVELOPMENT_ASSET_PATHS = "\"recipe-saver-app/Preview Content\"";
				DEVELOPMENT_TEAM = TK293SYYZ7;
				ENABLE_PREVIEWS = YES;
				GENERATE_INFOPLIST_FILE = YES;
				INFOPLIST_KEY_UIApplicationSceneManifest_Generation = YES;
				INFOPLIST_KEY_UIApplicationSupportsIndirectInputEvents = YES;
				INFOPLIST_KEY_UILaunchScreen_Generation = YES;
				INFOPLIST_KEY_UISupportedInterfaceOrientations_iPad = "UIInterfaceOrientationPortrait UIInterfaceOrientationPortraitUpsideDown UIInterfaceOrientationLandscapeLeft UIInterfaceOrientationLandscapeRight";
				INFOPLIST_KEY_UISupportedInterfaceOrientations_iPhone = "UIInterfaceOrientationPortrait UIInterfaceOrientationLandscapeLeft UIInterfaceOrientationLandscapeRight";
				LD_RUNPATH_SEARCH_PATHS = (
					"$(inherited)",
					"@executable_path/Frameworks",
				);
				MARKETING_VERSION = 1.0;
				PRODUCT_BUNDLE_IDENTIFIER = "gabriel.recipe-saver-app";
				PRODUCT_NAME = "$(TARGET_NAME)";
				SWIFT_EMIT_LOC_STRINGS = YES;
				SWIFT_VERSION = 5.0;
				TARGETED_DEVICE_FAMILY = "1,2";
			};
			name = Debug;
		};
		9B3DDC90293A28DE00E0A112 /* Release */ = {
			isa = XCBuildConfiguration;
			buildSettings = {
				ASSETCATALOG_COMPILER_APPICON_NAME = AppIcon;
				ASSETCATALOG_COMPILER_GLOBAL_ACCENT_COLOR_NAME = AccentColor;
				CODE_SIGN_STYLE = Automatic;
				CURRENT_PROJECT_VERSION = 1;
				DEVELOPMENT_ASSET_PATHS = "\"recipe-saver-app/Preview Content\"";
				DEVELOPMENT_TEAM = TK293SYYZ7;
				ENABLE_PREVIEWS = YES;
				GENERATE_INFOPLIST_FILE = YES;
				INFOPLIST_KEY_UIApplicationSceneManifest_Generation = YES;
				INFOPLIST_KEY_UIApplicationSupportsIndirectInputEvents = YES;
				INFOPLIST_KEY_UILaunchScreen_Generation = YES;
				INFOPLIST_KEY_UISupportedInterfaceOrientations_iPad = "UIInterfaceOrientationPortrait UIInterfaceOrientationPortraitUpsideDown UIInterfaceOrientationLandscapeLeft UIInterfaceOrientationLandscapeRight";
				INFOPLIST_KEY_UISupportedInterfaceOrientations_iPhone = "UIInterfaceOrientationPortrait UIInterfaceOrientationLandscapeLeft UIInterfaceOrientationLandscapeRight";
				LD_RUNPATH_SEARCH_PATHS = (
					"$(inherited)",
					"@executable_path/Frameworks",
				);
				MARKETING_VERSION = 1.0;
				PRODUCT_BUNDLE_IDENTIFIER = "gabriel.recipe-saver-app";
				PRODUCT_NAME = "$(TARGET_NAME)";
				SWIFT_EMIT_LOC_STRINGS = YES;
				SWIFT_VERSION = 5.0;
				TARGETED_DEVICE_FAMILY = "1,2";
			};
			name = Release;
		};
/* End XCBuildConfiguration section */

/* Begin XCConfigurationList section */
		9B3DDC7B293A28DC00E0A112 /* Build configuration list for PBXProject "recipe-saver-app" */ = {
			isa = XCConfigurationList;
			buildConfigurations = (
				9B3DDC8C293A28DE00E0A112 /* Debug */,
				9B3DDC8D293A28DE00E0A112 /* Release */,
			);
			defaultConfigurationIsVisible = 0;
			defaultConfigurationName = Release;
		};
		9B3DDC8E293A28DE00E0A112 /* Build configuration list for PBXNativeTarget "recipe-saver-app" */ = {
			isa = XCConfigurationList;
			buildConfigurations = (
				9B3DDC8F293A28DE00E0A112 /* Debug */,
				9B3DDC90293A28DE00E0A112 /* Release */,
			);
			defaultConfigurationIsVisible = 0;
			defaultConfigurationName = Release;
		};
/* End XCConfigurationList section */
	};
	rootObject = 9B3DDC78293A28DC00E0A112 /* Project object */;
}
